
Microsoft Visual Studio Solution File, Format Version 12.00
# Visual Studio Version 17
VisualStudioVersion = 17.14.36603.0 d17.14
MinimumVisualStudioVersion = 10.0.40219.1
Project("{8BC9CEB8-8B4A-11D0-8D11-00A0C91BC942}") = "Date09_12_2025_文件操作", "Date09_12_2025_文件操作\Date09_12_2025_文件操作.vcxproj", "{3D33FA53-F802-4C38-A73B-BF9BE4A22831}"
EndProject
Global
	GlobalSection(SolutionConfigurationPlatforms) = preSolution
		Debug|x64 = Debug|x64
		Debug|x86 = Debug|x86
		Release|x64 = Release|x64
		Release|x86 = Release|x86
	EndGlobalSection
	GlobalSection(ProjectConfigurationPlatforms) = postSolution
		{3D33FA53-F802-4C38-A73B-BF9BE4A22831}.Debug|x64.ActiveCfg = Debug|x64
		{3D33FA53-F802-4C38-A73B-BF9BE4A22831}.Debug|x64.Build.0 = Debug|x64
		{3D33FA53-F802-4C38-A73B-BF9BE4A22831}.Debug|x86.ActiveCfg = Debug|Win32
		{3D33FA53-F802-4C38-A73B-BF9BE4A22831}.Debug|x86.Build.0 = Debug|Win32
		{3D33FA53-F802-4C38-A73B-BF9BE4A22831}.Release|x64.ActiveCfg = Release|x64
		{3D33FA53-F802-4C38-A73B-BF9BE4A22831}.Release|x64.Build.0 = Release|x64
		{3D33FA53-F802-4C38-A73B-BF9BE4A22831}.Release|x86.ActiveCfg = Release|Win32
		{3D33FA53-F802-4C38-A73B-BF9BE4A22831}.Release|x86.Build.0 = Release|Win32
	EndGlobalSection
	GlobalSection(SolutionProperties) = preSolution
		HideSolutionNode = FALSE
	EndGlobalSection
	GlobalSection(ExtensibilityGlobals) = postSolution
		SolutionGuid = {C00E1A16-5332-4EA6-BD73-0CDBAD86789B}
	EndGlobalSection
EndGlobal
